// !$*UTF8*$!
{
	archiveVersion = 1;
	classes = {
	};
	objectVersion = 46;
	objects = {

/* Begin PBXBuildFile section */
		04A46B6E1D118ABF0001F0C0 /* main.m in Sources */ = {isa = PBXBuildFile; fileRef = 04A46B6D1D118ABF0001F0C0 /* main.m */; };
		04A46B711D118ABF0001F0C0 /* AppDelegate.m in Sources */ = {isa = PBXBuildFile; fileRef = 04A46B701D118ABF0001F0C0 /* AppDelegate.m */; };
		04A46B791D118ABF0001F0C0 /* Assets.xcassets in Resources */ = {isa = PBXBuildFile; fileRef = 04A46B781D118ABF0001F0C0 /* Assets.xcassets */; };
		04A46B7C1D118ABF0001F0C0 /* LaunchScreen.storyboard in Resources */ = {isa = PBXBuildFile; fileRef = 04A46B7A1D118ABF0001F0C0 /* LaunchScreen.storyboard */; };
		04A46B871D118ABF0001F0C0 /* YMSZhiHuDailyTests.m in Sources */ = {isa = PBXBuildFile; fileRef = 04A46B861D118ABF0001F0C0 /* YMSZhiHuDailyTests.m */; };
		04A46B921D118ABF0001F0C0 /* YMSZhiHuDailyUITests.m in Sources */ = {isa = PBXBuildFile; fileRef = 04A46B911D118ABF0001F0C0 /* YMSZhiHuDailyUITests.m */; };
		04A46BA71D123F270001F0C0 /* YMSHomeViewController.m in Sources */ = {isa = PBXBuildFile; fileRef = 04A46BA61D123F270001F0C0 /* YMSHomeViewController.m */; };
		04A46BAB1D1240520001F0C0 /* YMSRequestTool.m in Sources */ = {isa = PBXBuildFile; fileRef = 04A46BAA1D1240520001F0C0 /* YMSRequestTool.m */; };
		04A46BB01D12495F0001F0C0 /* YMSLaunchViewController.m in Sources */ = {isa = PBXBuildFile; fileRef = 04A46BAE1D12495F0001F0C0 /* YMSLaunchViewController.m */; };
		04A46BB11D12495F0001F0C0 /* YMSLaunchViewController.xib in Resources */ = {isa = PBXBuildFile; fileRef = 04A46BAF1D12495F0001F0C0 /* YMSLaunchViewController.xib */; };
		04A46BB41D1251ED0001F0C0 /* YMSLaunchRequest.m in Sources */ = {isa = PBXBuildFile; fileRef = 04A46BB31D1251ED0001F0C0 /* YMSLaunchRequest.m */; };
		04A46BBA1D1254450001F0C0 /* YMSLaunchModel.m in Sources */ = {isa = PBXBuildFile; fileRef = 04A46BB91D1254450001F0C0 /* YMSLaunchModel.m */; };
		04A46BC21D129F150001F0C0 /* YMSLeftDrawerViewController.m in Sources */ = {isa = PBXBuildFile; fileRef = 04A46BC01D129F150001F0C0 /* YMSLeftDrawerViewController.m */; };
		04A46BC31D129F150001F0C0 /* YMSLeftDrawerViewController.xib in Resources */ = {isa = PBXBuildFile; fileRef = 04A46BC11D129F150001F0C0 /* YMSLeftDrawerViewController.xib */; };
		04A46BC71D12D8C70001F0C0 /* YMSLeftMenuTableViewCell.m in Sources */ = {isa = PBXBuildFile; fileRef = 04A46BC51D12D8C70001F0C0 /* YMSLeftMenuTableViewCell.m */; };
		04A46BC81D12D8C70001F0C0 /* YMSLeftMenuTableViewCell.xib in Resources */ = {isa = PBXBuildFile; fileRef = 04A46BC61D12D8C70001F0C0 /* YMSLeftMenuTableViewCell.xib */; };
		04A46BCA1D12E3F90001F0C0 /* YMSLeftHomeCell.xib in Resources */ = {isa = PBXBuildFile; fileRef = 04A46BC91D12E3F90001F0C0 /* YMSLeftHomeCell.xib */; };
		9AE155ED52E98CC5A7D1B22C /* libPods-YMSZhiHuDaily.a in Frameworks */ = {isa = PBXBuildFile; fileRef = B8B64FCDBF5F9DD9275564AB /* libPods-YMSZhiHuDaily.a */; };
/* End PBXBuildFile section */

/* Begin PBXContainerItemProxy section */
		04A46B831D118ABF0001F0C0 /* PBXContainerItemProxy */ = {
			isa = PBXContainerItemProxy;
			containerPortal = 04A46B611D118ABF0001F0C0 /* Project object */;
			proxyType = 1;
			remoteGlobalIDString = 04A46B681D118ABF0001F0C0;
			remoteInfo = YMSZhiHuDaily;
		};
		04A46B8E1D118ABF0001F0C0 /* PBXContainerItemProxy */ = {
			isa = PBXContainerItemProxy;
			containerPortal = 04A46B611D118ABF0001F0C0 /* Project object */;
			proxyType = 1;
			remoteGlobalIDString = 04A46B681D118ABF0001F0C0;
			remoteInfo = YMSZhiHuDaily;
		};
/* End PBXContainerItemProxy section */

/* Begin PBXFileReference section */
		04A46B691D118ABF0001F0C0 /* YMSZhiHuDaily.app */ = {isa = PBXFileReference; explicitFileType = wrapper.application; includeInIndex = 0; path = YMSZhiHuDaily.app; sourceTree = BUILT_PRODUCTS_DIR; };
		04A46B6D1D118ABF0001F0C0 /* main.m */ = {isa = PBXFileReference; lastKnownFileType = sourcecode.c.objc; path = main.m; sourceTree = "<group>"; };
		04A46B6F1D118ABF0001F0C0 /* AppDelegate.h */ = {isa = PBXFileReference; lastKnownFileType = sourcecode.c.h; path = AppDelegate.h; sourceTree = "<group>"; };
		04A46B701D118ABF0001F0C0 /* AppDelegate.m */ = {isa = PBXFileReference; lastKnownFileType = sourcecode.c.objc; path = AppDelegate.m; sourceTree = "<group>"; };
		04A46B781D118ABF0001F0C0 /* Assets.xcassets */ = {isa = PBXFileReference; lastKnownFileType = folder.assetcatalog; path = Assets.xcassets; sourceTree = "<group>"; };
		04A46B7B1D118ABF0001F0C0 /* Base */ = {isa = PBXFileReference; lastKnownFileType = file.storyboard; name = Base; path = Base.lproj/LaunchScreen.storyboard; sourceTree = "<group>"; };
		04A46B7D1D118ABF0001F0C0 /* Info.plist */ = {isa = PBXFileReference; lastKnownFileType = text.plist.xml; path = Info.plist; sourceTree = "<group>"; };
		04A46B821D118ABF0001F0C0 /* YMSZhiHuDailyTests.xctest */ = {isa = PBXFileReference; explicitFileType = wrapper.cfbundle; includeInIndex = 0; path = YMSZhiHuDailyTests.xctest; sourceTree = BUILT_PRODUCTS_DIR; };
		04A46B861D118ABF0001F0C0 /* YMSZhiHuDailyTests.m */ = {isa = PBXFileReference; lastKnownFileType = sourcecode.c.objc; path = YMSZhiHuDailyTests.m; sourceTree = "<group>"; };
		04A46B881D118ABF0001F0C0 /* Info.plist */ = {isa = PBXFileReference; lastKnownFileType = text.plist.xml; path = Info.plist; sourceTree = "<group>"; };
		04A46B8D1D118ABF0001F0C0 /* YMSZhiHuDailyUITests.xctest */ = {isa = PBXFileReference; explicitFileType = wrapper.cfbundle; includeInIndex = 0; path = YMSZhiHuDailyUITests.xctest; sourceTree = BUILT_PRODUCTS_DIR; };
		04A46B911D118ABF0001F0C0 /* YMSZhiHuDailyUITests.m */ = {isa = PBXFileReference; lastKnownFileType = sourcecode.c.objc; path = YMSZhiHuDailyUITests.m; sourceTree = "<group>"; };
		04A46B931D118ABF0001F0C0 /* Info.plist */ = {isa = PBXFileReference; lastKnownFileType = text.plist.xml; path = Info.plist; sourceTree = "<group>"; };
		04A46B9F1D1238B00001F0C0 /* MainHeader.h */ = {isa = PBXFileReference; fileEncoding = 4; lastKnownFileType = sourcecode.c.h; path = MainHeader.h; sourceTree = "<group>"; };
		04A46BA51D123F270001F0C0 /* YMSHomeViewController.h */ = {isa = PBXFileReference; fileEncoding = 4; lastKnownFileType = sourcecode.c.h; path = YMSHomeViewController.h; sourceTree = "<group>"; };
		04A46BA61D123F270001F0C0 /* YMSHomeViewController.m */ = {isa = PBXFileReference; fileEncoding = 4; lastKnownFileType = sourcecode.c.objc; path = YMSHomeViewController.m; sourceTree = "<group>"; };
		04A46BA91D1240520001F0C0 /* YMSRequestTool.h */ = {isa = PBXFileReference; fileEncoding = 4; lastKnownFileType = sourcecode.c.h; path = YMSRequestTool.h; sourceTree = "<group>"; };
		04A46BAA1D1240520001F0C0 /* YMSRequestTool.m */ = {isa = PBXFileReference; fileEncoding = 4; lastKnownFileType = sourcecode.c.objc; path = YMSRequestTool.m; sourceTree = "<group>"; };
		04A46BAD1D12495F0001F0C0 /* YMSLaunchViewController.h */ = {isa = PBXFileReference; fileEncoding = 4; lastKnownFileType = sourcecode.c.h; name = YMSLaunchViewController.h; path = ../YMSLaunchViewController.h; sourceTree = "<group>"; };
		04A46BAE1D12495F0001F0C0 /* YMSLaunchViewController.m */ = {isa = PBXFileReference; fileEncoding = 4; lastKnownFileType = sourcecode.c.objc; name = YMSLaunchViewController.m; path = ../YMSLaunchViewController.m; sourceTree = "<group>"; };
		04A46BAF1D12495F0001F0C0 /* YMSLaunchViewController.xib */ = {isa = PBXFileReference; fileEncoding = 4; lastKnownFileType = file.xib; name = YMSLaunchViewController.xib; path = ../YMSLaunchViewController.xib; sourceTree = "<group>"; };
		04A46BB21D1251ED0001F0C0 /* YMSLaunchRequest.h */ = {isa = PBXFileReference; fileEncoding = 4; lastKnownFileType = sourcecode.c.h; name = YMSLaunchRequest.h; path = ../YMSLaunchRequest.h; sourceTree = "<group>"; };
		04A46BB31D1251ED0001F0C0 /* YMSLaunchRequest.m */ = {isa = PBXFileReference; fileEncoding = 4; lastKnownFileType = sourcecode.c.objc; name = YMSLaunchRequest.m; path = ../YMSLaunchRequest.m; sourceTree = "<group>"; };
		04A46BB81D1254450001F0C0 /* YMSLaunchModel.h */ = {isa = PBXFileReference; fileEncoding = 4; lastKnownFileType = sourcecode.c.h; path = YMSLaunchModel.h; sourceTree = "<group>"; };
		04A46BB91D1254450001F0C0 /* YMSLaunchModel.m */ = {isa = PBXFileReference; fileEncoding = 4; lastKnownFileType = sourcecode.c.objc; path = YMSLaunchModel.m; sourceTree = "<group>"; };
		04A46BBF1D129F150001F0C0 /* YMSLeftDrawerViewController.h */ = {isa = PBXFileReference; fileEncoding = 4; lastKnownFileType = sourcecode.c.h; path = YMSLeftDrawerViewController.h; sourceTree = "<group>"; };
		04A46BC01D129F150001F0C0 /* YMSLeftDrawerViewController.m */ = {isa = PBXFileReference; fileEncoding = 4; lastKnownFileType = sourcecode.c.objc; path = YMSLeftDrawerViewController.m; sourceTree = "<group>"; };
		04A46BC11D129F150001F0C0 /* YMSLeftDrawerViewController.xib */ = {isa = PBXFileReference; fileEncoding = 4; lastKnownFileType = file.xib; path = YMSLeftDrawerViewController.xib; sourceTree = "<group>"; };
		04A46BC41D12D8C70001F0C0 /* YMSLeftMenuTableViewCell.h */ = {isa = PBXFileReference; fileEncoding = 4; lastKnownFileType = sourcecode.c.h; path = YMSLeftMenuTableViewCell.h; sourceTree = "<group>"; };
		04A46BC51D12D8C70001F0C0 /* YMSLeftMenuTableViewCell.m */ = {isa = PBXFileReference; fileEncoding = 4; lastKnownFileType = sourcecode.c.objc; path = YMSLeftMenuTableViewCell.m; sourceTree = "<group>"; };
		04A46BC61D12D8C70001F0C0 /* YMSLeftMenuTableViewCell.xib */ = {isa = PBXFileReference; fileEncoding = 4; lastKnownFileType = file.xib; path = YMSLeftMenuTableViewCell.xib; sourceTree = "<group>"; };
		04A46BC91D12E3F90001F0C0 /* YMSLeftHomeCell.xib */ = {isa = PBXFileReference; fileEncoding = 4; lastKnownFileType = file.xib; path = YMSLeftHomeCell.xib; sourceTree = "<group>"; };
		94A0F5FBBA2638848F46CE1F /* Pods-YMSZhiHuDaily.release.xcconfig */ = {isa = PBXFileReference; includeInIndex = 1; lastKnownFileType = text.xcconfig; name = "Pods-YMSZhiHuDaily.release.xcconfig"; path = "Pods/Target Support Files/Pods-YMSZhiHuDaily/Pods-YMSZhiHuDaily.release.xcconfig"; sourceTree = "<group>"; };
		B8B64FCDBF5F9DD9275564AB /* libPods-YMSZhiHuDaily.a */ = {isa = PBXFileReference; explicitFileType = archive.ar; includeInIndex = 0; path = "libPods-YMSZhiHuDaily.a"; sourceTree = BUILT_PRODUCTS_DIR; };
		F942EBF3CF687ADBD25B6EDF /* Pods-YMSZhiHuDaily.debug.xcconfig */ = {isa = PBXFileReference; includeInIndex = 1; lastKnownFileType = text.xcconfig; name = "Pods-YMSZhiHuDaily.debug.xcconfig"; path = "Pods/Target Support Files/Pods-YMSZhiHuDaily/Pods-YMSZhiHuDaily.debug.xcconfig"; sourceTree = "<group>"; };
/* End PBXFileReference section */

/* Begin PBXFrameworksBuildPhase section */
		04A46B661D118ABF0001F0C0 /* Frameworks */ = {
			isa = PBXFrameworksBuildPhase;
			buildActionMask = 2147483647;
			files = (
				9AE155ED52E98CC5A7D1B22C /* libPods-YMSZhiHuDaily.a in Frameworks */,
			);
			runOnlyForDeploymentPostprocessing = 0;
		};
		04A46B7F1D118ABF0001F0C0 /* Frameworks */ = {
			isa = PBXFrameworksBuildPhase;
			buildActionMask = 2147483647;
			files = (
			);
			runOnlyForDeploymentPostprocessing = 0;
		};
		04A46B8A1D118ABF0001F0C0 /* Frameworks */ = {
			isa = PBXFrameworksBuildPhase;
			buildActionMask = 2147483647;
			files = (
			);
			runOnlyForDeploymentPostprocessing = 0;
		};
/* End PBXFrameworksBuildPhase section */

/* Begin PBXGroup section */
		04A46B601D118ABF0001F0C0 = {
			isa = PBXGroup;
			children = (
				04A46B6B1D118ABF0001F0C0 /* YMSZhiHuDaily */,
				04A46B851D118ABF0001F0C0 /* YMSZhiHuDailyTests */,
				04A46B901D118ABF0001F0C0 /* YMSZhiHuDailyUITests */,
				04A46B6A1D118ABF0001F0C0 /* Products */,
				D4EA15C71A246B53A75ADBCB /* Pods */,
				BC5A5C5F088C427DAAB9680F /* Frameworks */,
			);
			sourceTree = "<group>";
		};
		04A46B6A1D118ABF0001F0C0 /* Products */ = {
			isa = PBXGroup;
			children = (
				04A46B691D118ABF0001F0C0 /* YMSZhiHuDaily.app */,
				04A46B821D118ABF0001F0C0 /* YMSZhiHuDailyTests.xctest */,
				04A46B8D1D118ABF0001F0C0 /* YMSZhiHuDailyUITests.xctest */,
			);
			name = Products;
			sourceTree = "<group>";
		};
		04A46B6B1D118ABF0001F0C0 /* YMSZhiHuDaily */ = {
			isa = PBXGroup;
			children = (
				04A46BA01D123ED80001F0C0 /* Classes */,
				04A46B6C1D118ABF0001F0C0 /* Supporting Files */,
			);
			path = YMSZhiHuDaily;
			sourceTree = "<group>";
		};
		04A46B6C1D118ABF0001F0C0 /* Supporting Files */ = {
			isa = PBXGroup;
			children = (
				04A46B6F1D118ABF0001F0C0 /* AppDelegate.h */,
				04A46B701D118ABF0001F0C0 /* AppDelegate.m */,
				04A46B9F1D1238B00001F0C0 /* MainHeader.h */,
				04A46B781D118ABF0001F0C0 /* Assets.xcassets */,
				04A46B7A1D118ABF0001F0C0 /* LaunchScreen.storyboard */,
				04A46B7D1D118ABF0001F0C0 /* Info.plist */,
				04A46B6D1D118ABF0001F0C0 /* main.m */,
			);
			name = "Supporting Files";
			sourceTree = "<group>";
		};
		04A46B851D118ABF0001F0C0 /* YMSZhiHuDailyTests */ = {
			isa = PBXGroup;
			children = (
				04A46B861D118ABF0001F0C0 /* YMSZhiHuDailyTests.m */,
				04A46B881D118ABF0001F0C0 /* Info.plist */,
			);
			path = YMSZhiHuDailyTests;
			sourceTree = "<group>";
		};
		04A46B901D118ABF0001F0C0 /* YMSZhiHuDailyUITests */ = {
			isa = PBXGroup;
			children = (
				04A46B911D118ABF0001F0C0 /* YMSZhiHuDailyUITests.m */,
				04A46B931D118ABF0001F0C0 /* Info.plist */,
			);
			path = YMSZhiHuDailyUITests;
			sourceTree = "<group>";
		};
		04A46BA01D123ED80001F0C0 /* Classes */ = {
			isa = PBXGroup;
			children = (
				04A46BBB1D129ED00001F0C0 /* LeftDrawer */,
				04A46BAC1D1249310001F0C0 /* LaunchScreen */,
				04A46BA81D1240330001F0C0 /* Tool */,
				04A46BA11D123ED80001F0C0 /* Home */,
			);
			path = Classes;
			sourceTree = "<group>";
		};
		04A46BA11D123ED80001F0C0 /* Home */ = {
			isa = PBXGroup;
			children = (
				04A46BA21D123ED80001F0C0 /* Controller */,
				04A46BA31D123ED80001F0C0 /* Model */,
				04A46BA41D123ED80001F0C0 /* View */,
			);
			path = Home;
			sourceTree = "<group>";
		};
		04A46BA21D123ED80001F0C0 /* Controller */ = {
			isa = PBXGroup;
			children = (
				04A46BA51D123F270001F0C0 /* YMSHomeViewController.h */,
				04A46BA61D123F270001F0C0 /* YMSHomeViewController.m */,
			);
			path = Controller;
			sourceTree = "<group>";
		};
		04A46BA31D123ED80001F0C0 /* Model */ = {
			isa = PBXGroup;
			children = (
			);
			path = Model;
			sourceTree = "<group>";
		};
		04A46BA41D123ED80001F0C0 /* View */ = {
			isa = PBXGroup;
			children = (
			);
			path = View;
			sourceTree = "<group>";
		};
		04A46BA81D1240330001F0C0 /* Tool */ = {
			isa = PBXGroup;
			children = (
				04A46BA91D1240520001F0C0 /* YMSRequestTool.h */,
				04A46BAA1D1240520001F0C0 /* YMSRequestTool.m */,
			);
			path = Tool;
			sourceTree = "<group>";
		};
		04A46BAC1D1249310001F0C0 /* LaunchScreen */ = {
			isa = PBXGroup;
			children = (
				04A46BB51D1254180001F0C0 /* Controller */,
				04A46BB61D1254180001F0C0 /* Model */,
				04A46BB71D1254180001F0C0 /* View */,
			);
			path = LaunchScreen;
			sourceTree = "<group>";
		};
		04A46BB51D1254180001F0C0 /* Controller */ = {
			isa = PBXGroup;
			children = (
				04A46BAD1D12495F0001F0C0 /* YMSLaunchViewController.h */,
				04A46BAE1D12495F0001F0C0 /* YMSLaunchViewController.m */,
				04A46BAF1D12495F0001F0C0 /* YMSLaunchViewController.xib */,
			);
			path = Controller;
			sourceTree = "<group>";
		};
		04A46BB61D1254180001F0C0 /* Model */ = {
			isa = PBXGroup;
			children = (
				04A46BB21D1251ED0001F0C0 /* YMSLaunchRequest.h */,
				04A46BB31D1251ED0001F0C0 /* YMSLaunchRequest.m */,
				04A46BB81D1254450001F0C0 /* YMSLaunchModel.h */,
				04A46BB91D1254450001F0C0 /* YMSLaunchModel.m */,
			);
			path = Model;
			sourceTree = "<group>";
		};
		04A46BB71D1254180001F0C0 /* View */ = {
			isa = PBXGroup;
			children = (
			);
			path = View;
			sourceTree = "<group>";
		};
		04A46BBB1D129ED00001F0C0 /* LeftDrawer */ = {
			isa = PBXGroup;
			children = (
				04A46BBC1D129ED00001F0C0 /* Controller */,
				04A46BBD1D129ED00001F0C0 /* Model */,
				04A46BBE1D129ED00001F0C0 /* View */,
			);
			name = LeftDrawer;
			path = LaunchScreen/LeftDrawer;
			sourceTree = "<group>";
		};
		04A46BBC1D129ED00001F0C0 /* Controller */ = {
			isa = PBXGroup;
			children = (
				04A46BBF1D129F150001F0C0 /* YMSLeftDrawerViewController.h */,
				04A46BC01D129F150001F0C0 /* YMSLeftDrawerViewController.m */,
				04A46BC11D129F150001F0C0 /* YMSLeftDrawerViewController.xib */,
			);
			path = Controller;
			sourceTree = "<group>";
		};
		04A46BBD1D129ED00001F0C0 /* Model */ = {
			isa = PBXGroup;
			children = (
			);
			path = Model;
			sourceTree = "<group>";
		};
		04A46BBE1D129ED00001F0C0 /* View */ = {
			isa = PBXGroup;
			children = (
				04A46BC41D12D8C70001F0C0 /* YMSLeftMenuTableViewCell.h */,
				04A46BC51D12D8C70001F0C0 /* YMSLeftMenuTableViewCell.m */,
				04A46BC61D12D8C70001F0C0 /* YMSLeftMenuTableViewCell.xib */,
				04A46BC91D12E3F90001F0C0 /* YMSLeftHomeCell.xib */,
			);
			path = View;
			sourceTree = "<group>";
		};
		BC5A5C5F088C427DAAB9680F /* Frameworks */ = {
			isa = PBXGroup;
			children = (
				B8B64FCDBF5F9DD9275564AB /* libPods-YMSZhiHuDaily.a */,
			);
			name = Frameworks;
			sourceTree = "<group>";
		};
		D4EA15C71A246B53A75ADBCB /* Pods */ = {
			isa = PBXGroup;
			children = (
				F942EBF3CF687ADBD25B6EDF /* Pods-YMSZhiHuDaily.debug.xcconfig */,
				94A0F5FBBA2638848F46CE1F /* Pods-YMSZhiHuDaily.release.xcconfig */,
			);
			name = Pods;
			sourceTree = "<group>";
		};
/* End PBXGroup section */

/* Begin PBXNativeTarget section */
		04A46B681D118ABF0001F0C0 /* YMSZhiHuDaily */ = {
			isa = PBXNativeTarget;
			buildConfigurationList = 04A46B961D118ABF0001F0C0 /* Build configuration list for PBXNativeTarget "YMSZhiHuDaily" */;
			buildPhases = (
				494F55F87374BC637F7C6D5C /* 📦 Check Pods Manifest.lock */,
				04A46B651D118ABF0001F0C0 /* Sources */,
				04A46B661D118ABF0001F0C0 /* Frameworks */,
				04A46B671D118ABF0001F0C0 /* Resources */,
				E495C250287867E4C51127EC /* 📦 Embed Pods Frameworks */,
				0A39FE007A0FE98272794F85 /* 📦 Copy Pods Resources */,
			);
			buildRules = (
			);
			dependencies = (
			);
			name = YMSZhiHuDaily;
			productName = YMSZhiHuDaily;
			productReference = 04A46B691D118ABF0001F0C0 /* YMSZhiHuDaily.app */;
			productType = "com.apple.product-type.application";
		};
		04A46B811D118ABF0001F0C0 /* YMSZhiHuDailyTests */ = {
			isa = PBXNativeTarget;
			buildConfigurationList = 04A46B991D118ABF0001F0C0 /* Build configuration list for PBXNativeTarget "YMSZhiHuDailyTests" */;
			buildPhases = (
				04A46B7E1D118ABF0001F0C0 /* Sources */,
				04A46B7F1D118ABF0001F0C0 /* Frameworks */,
				04A46B801D118ABF0001F0C0 /* Resources */,
			);
			buildRules = (
			);
			dependencies = (
				04A46B841D118ABF0001F0C0 /* PBXTargetDependency */,
			);
			name = YMSZhiHuDailyTests;
			productName = YMSZhiHuDailyTests;
			productReference = 04A46B821D118ABF0001F0C0 /* YMSZhiHuDailyTests.xctest */;
			productType = "com.apple.product-type.bundle.unit-test";
		};
		04A46B8C1D118ABF0001F0C0 /* YMSZhiHuDailyUITests */ = {
			isa = PBXNativeTarget;
			buildConfigurationList = 04A46B9C1D118ABF0001F0C0 /* Build configuration list for PBXNativeTarget "YMSZhiHuDailyUITests" */;
			buildPhases = (
				04A46B891D118ABF0001F0C0 /* Sources */,
				04A46B8A1D118ABF0001F0C0 /* Frameworks */,
				04A46B8B1D118ABF0001F0C0 /* Resources */,
			);
			buildRules = (
			);
			dependencies = (
				04A46B8F1D118ABF0001F0C0 /* PBXTargetDependency */,
			);
			name = YMSZhiHuDailyUITests;
			productName = YMSZhiHuDailyUITests;
			productReference = 04A46B8D1D118ABF0001F0C0 /* YMSZhiHuDailyUITests.xctest */;
			productType = "com.apple.product-type.bundle.ui-testing";
		};
/* End PBXNativeTarget section */

/* Begin PBXProject section */
		04A46B611D118ABF0001F0C0 /* Project object */ = {
			isa = PBXProject;
			attributes = {
				LastUpgradeCheck = 0720;
				ORGANIZATIONNAME = yms;
				TargetAttributes = {
					04A46B681D118ABF0001F0C0 = {
						CreatedOnToolsVersion = 7.2.1;
					};
					04A46B811D118ABF0001F0C0 = {
						CreatedOnToolsVersion = 7.2.1;
						TestTargetID = 04A46B681D118ABF0001F0C0;
					};
					04A46B8C1D118ABF0001F0C0 = {
						CreatedOnToolsVersion = 7.2.1;
						TestTargetID = 04A46B681D118ABF0001F0C0;
					};
				};
			};
			buildConfigurationList = 04A46B641D118ABF0001F0C0 /* Build configuration list for PBXProject "YMSZhiHuDaily" */;
			compatibilityVersion = "Xcode 3.2";
			developmentRegion = English;
			hasScannedForEncodings = 0;
			knownRegions = (
				en,
				Base,
			);
			mainGroup = 04A46B601D118ABF0001F0C0;
			productRefGroup = 04A46B6A1D118ABF0001F0C0 /* Products */;
			projectDirPath = "";
			projectRoot = "";
			targets = (
				04A46B681D118ABF0001F0C0 /* YMSZhiHuDaily */,
				04A46B811D118ABF0001F0C0 /* YMSZhiHuDailyTests */,
				04A46B8C1D118ABF0001F0C0 /* YMSZhiHuDailyUITests */,
			);
		};
/* End PBXProject section */

/* Begin PBXResourcesBuildPhase section */
		04A46B671D118ABF0001F0C0 /* Resources */ = {
			isa = PBXResourcesBuildPhase;
			buildActionMask = 2147483647;
			files = (
				04A46BC31D129F150001F0C0 /* YMSLeftDrawerViewController.xib in Resources */,
				04A46B7C1D118ABF0001F0C0 /* LaunchScreen.storyboard in Resources */,
				04A46BB11D12495F0001F0C0 /* YMSLaunchViewController.xib in Resources */,
				04A46B791D118ABF0001F0C0 /* Assets.xcassets in Resources */,
				04A46BC81D12D8C70001F0C0 /* YMSLeftMenuTableViewCell.xib in Resources */,
				04A46BCA1D12E3F90001F0C0 /* YMSLeftHomeCell.xib in Resources */,
			);
			runOnlyForDeploymentPostprocessing = 0;
		};
		04A46B801D118ABF0001F0C0 /* Resources */ = {
			isa = PBXResourcesBuildPhase;
			buildActionMask = 2147483647;
			files = (
			);
			runOnlyForDeploymentPostprocessing = 0;
		};
		04A46B8B1D118ABF0001F0C0 /* Resources */ = {
			isa = PBXResourcesBuildPhase;
			buildActionMask = 2147483647;
			files = (
			);
			runOnlyForDeploymentPostprocessing = 0;
		};
/* End PBXResourcesBuildPhase section */

/* Begin PBXShellScriptBuildPhase section */
		0A39FE007A0FE98272794F85 /* 📦 Copy Pods Resources */ = {
			isa = PBXShellScriptBuildPhase;
			buildActionMask = 2147483647;
			files = (
			);
			inputPaths = (
			);
			name = "📦 Copy Pods Resources";
			outputPaths = (
			);
			runOnlyForDeploymentPostprocessing = 0;
			shellPath = /bin/sh;
			shellScript = "\"${SRCROOT}/Pods/Target Support Files/Pods-YMSZhiHuDaily/Pods-YMSZhiHuDaily-resources.sh\"\n";
			showEnvVarsInLog = 0;
		};
		494F55F87374BC637F7C6D5C /* 📦 Check Pods Manifest.lock */ = {
			isa = PBXShellScriptBuildPhase;
			buildActionMask = 2147483647;
			files = (
			);
			inputPaths = (
			);
			name = "📦 Check Pods Manifest.lock";
			outputPaths = (
			);
			runOnlyForDeploymentPostprocessing = 0;
			shellPath = /bin/sh;
			shellScript = "diff \"${PODS_ROOT}/../Podfile.lock\" \"${PODS_ROOT}/Manifest.lock\" > /dev/null\nif [[ $? != 0 ]] ; then\n    cat << EOM\nerror: The sandbox is not in sync with the Podfile.lock. Run 'pod install' or update your CocoaPods installation.\nEOM\n    exit 1\nfi\n";
			showEnvVarsInLog = 0;
		};
		E495C250287867E4C51127EC /* 📦 Embed Pods Frameworks */ = {
			isa = PBXShellScriptBuildPhase;
			buildActionMask = 2147483647;
			files = (
			);
			inputPaths = (
			);
			name = "📦 Embed Pods Frameworks";
			outputPaths = (
			);
			runOnlyForDeploymentPostprocessing = 0;
			shellPath = /bin/sh;
			shellScript = "\"${SRCROOT}/Pods/Target Support Files/Pods-YMSZhiHuDaily/Pods-YMSZhiHuDaily-frameworks.sh\"\n";
			showEnvVarsInLog = 0;
		};
/* End PBXShellScriptBuildPhase section */

/* Begin PBXSourcesBuildPhase section */
		04A46B651D118ABF0001F0C0 /* Sources */ = {
			isa = PBXSourcesBuildPhase;
			buildActionMask = 2147483647;
			files = (
				04A46BC21D129F150001F0C0 /* YMSLeftDrawerViewController.m in Sources */,
				04A46BBA1D1254450001F0C0 /* YMSLaunchModel.m in Sources */,
				04A46BA71D123F270001F0C0 /* YMSHomeViewController.m in Sources */,
				04A46BC71D12D8C70001F0C0 /* YMSLeftMenuTableViewCell.m in Sources */,
				04A46BB01D12495F0001F0C0 /* YMSLaunchViewController.m in Sources */,
				04A46B711D118ABF0001F0C0 /* AppDelegate.m in Sources */,
				04A46B6E1D118ABF0001F0C0 /* main.m in Sources */,
				04A46BB41D1251ED0001F0C0 /* YMSLaunchRequest.m in Sources */,
				04A46BAB1D1240520001F0C0 /* YMSRequestTool.m in Sources */,
			);
			runOnlyForDeploymentPostprocessing = 0;
		};
		04A46B7E1D118ABF0001F0C0 /* Sources */ = {
			isa = PBXSourcesBuildPhase;
			buildActionMask = 2147483647;
			files = (
				04A46B871D118ABF0001F0C0 /* YMSZhiHuDailyTests.m in Sources */,
			);
			runOnlyForDeploymentPostprocessing = 0;
		};
		04A46B891D118ABF0001F0C0 /* Sources */ = {
			isa = PBXSourcesBuildPhase;
			buildActionMask = 2147483647;
			files = (
				04A46B921D118ABF0001F0C0 /* YMSZhiHuDailyUITests.m in Sources */,
			);
			runOnlyForDeploymentPostprocessing = 0;
		};
/* End PBXSourcesBuildPhase section */

/* Begin PBXTargetDependency section */
		04A46B841D118ABF0001F0C0 /* PBXTargetDependency */ = {
			isa = PBXTargetDependency;
			target = 04A46B681D118ABF0001F0C0 /* YMSZhiHuDaily */;
			targetProxy = 04A46B831D118ABF0001F0C0 /* PBXContainerItemProxy */;
		};
		04A46B8F1D118ABF0001F0C0 /* PBXTargetDependency */ = {
			isa = PBXTargetDependency;
			target = 04A46B681D118ABF0001F0C0 /* YMSZhiHuDaily */;
			targetProxy = 04A46B8E1D118ABF0001F0C0 /* PBXContainerItemProxy */;
		};
/* End PBXTargetDependency section */

/* Begin PBXVariantGroup section */
		04A46B7A1D118ABF0001F0C0 /* LaunchScreen.storyboard */ = {
			isa = PBXVariantGroup;
			children = (
				04A46B7B1D118ABF0001F0C0 /* Base */,
			);
			name = LaunchScreen.storyboard;
			sourceTree = "<group>";
		};
/* End PBXVariantGroup section */

/* Begin XCBuildConfiguration section */
		04A46B941D118ABF0001F0C0 /* Debug */ = {
			isa = XCBuildConfiguration;
			buildSettings = {
				ALWAYS_SEARCH_USER_PATHS = NO;
				CLANG_CXX_LANGUAGE_STANDARD = "gnu++0x";
				CLANG_CXX_LIBRARY = "libc++";
				CLANG_ENABLE_MODULES = YES;
				CLANG_ENABLE_OBJC_ARC = YES;
				CLANG_WARN_BOOL_CONVERSION = YES;
				CLANG_WARN_CONSTANT_CONVERSION = YES;
				CLANG_WARN_DIRECT_OBJC_ISA_USAGE = YES_ERROR;
				CLANG_WARN_EMPTY_BODY = YES;
				CLANG_WARN_ENUM_CONVERSION = YES;
				CLANG_WARN_INT_CONVERSION = YES;
				CLANG_WARN_OBJC_ROOT_CLASS = YES_ERROR;
				CLANG_WARN_UNREACHABLE_CODE = YES;
				CLANG_WARN__DUPLICATE_METHOD_MATCH = YES;
				"CODE_SIGN_IDENTITY[sdk=iphoneos*]" = "iPhone Developer";
				COPY_PHASE_STRIP = NO;
				DEBUG_INFORMATION_FORMAT = dwarf;
				ENABLE_STRICT_OBJC_MSGSEND = YES;
				ENABLE_TESTABILITY = YES;
				GCC_C_LANGUAGE_STANDARD = gnu99;
				GCC_DYNAMIC_NO_PIC = NO;
				GCC_NO_COMMON_BLOCKS = YES;
				GCC_OPTIMIZATION_LEVEL = 0;
				GCC_PREPROCESSOR_DEFINITIONS = (
					"DEBUG=1",
					"$(inherited)",
				);
				GCC_WARN_64_TO_32_BIT_CONVERSION = YES;
				GCC_WARN_ABOUT_RETURN_TYPE = YES_ERROR;
				GCC_WARN_UNDECLARED_SELECTOR = YES;
				GCC_WARN_UNINITIALIZED_AUTOS = YES_AGGRESSIVE;
				GCC_WARN_UNUSED_FUNCTION = YES;
				GCC_WARN_UNUSED_VARIABLE = YES;
				IPHONEOS_DEPLOYMENT_TARGET = 9.2;
				MTL_ENABLE_DEBUG_INFO = YES;
				ONLY_ACTIVE_ARCH = YES;
				SDKROOT = iphoneos;
			};
			name = Debug;
		};
		04A46B951D118ABF0001F0C0 /* Release */ = {
			isa = XCBuildConfiguration;
			buildSettings = {
				ALWAYS_SEARCH_USER_PATHS = NO;
				CLANG_CXX_LANGUAGE_STANDARD = "gnu++0x";
				CLANG_CXX_LIBRARY = "libc++";
				CLANG_ENABLE_MODULES = YES;
				CLANG_ENABLE_OBJC_ARC = YES;
				CLANG_WARN_BOOL_CONVERSION = YES;
				CLANG_WARN_CONSTANT_CONVERSION = YES;
				CLANG_WARN_DIRECT_OBJC_ISA_USAGE = YES_ERROR;
				CLANG_WARN_EMPTY_BODY = YES;
				CLANG_WARN_ENUM_CONVERSION = YES;
				CLANG_WARN_INT_CONVERSION = YES;
				CLANG_WARN_OBJC_ROOT_CLASS = YES_ERROR;
				CLANG_WARN_UNREACHABLE_CODE = YES;
				CLANG_WARN__DUPLICATE_METHOD_MATCH = YES;
				"CODE_SIGN_IDENTITY[sdk=iphoneos*]" = "iPhone Developer";
				COPY_PHASE_STRIP = NO;
				DEBUG_INFORMATION_FORMAT = "dwarf-with-dsym";
				ENABLE_NS_ASSERTIONS = NO;
				ENABLE_STRICT_OBJC_MSGSEND = YES;
				GCC_C_LANGUAGE_STANDARD = gnu99;
				GCC_NO_COMMON_BLOCKS = YES;
				GCC_WARN_64_TO_32_BIT_CONVERSION = YES;
				GCC_WARN_ABOUT_RETURN_TYPE = YES_ERROR;
				GCC_WARN_UNDECLARED_SELECTOR = YES;
				GCC_WARN_UNINITIALIZED_AUTOS = YES_AGGRESSIVE;
				GCC_WARN_UNUSED_FUNCTION = YES;
				GCC_WARN_UNUSED_VARIABLE = YES;
				IPHONEOS_DEPLOYMENT_TARGET = 9.2;
				MTL_ENABLE_DEBUG_INFO = NO;
				SDKROOT = iphoneos;
				VALIDATE_PRODUCT = YES;
			};
			name = Release;
		};
		04A46B971D118ABF0001F0C0 /* Debug */ = {
			isa = XCBuildConfiguration;
			baseConfigurationReference = F942EBF3CF687ADBD25B6EDF /* Pods-YMSZhiHuDaily.debug.xcconfig */;
			buildSettings = {
				ASSETCATALOG_COMPILER_APPICON_NAME = AppIcon;
				GCC_PREFIX_HEADER = "$(SRCROOT)/YMSZhiHuDaily/MainHeader.h";
				INFOPLIST_FILE = YMSZhiHuDaily/Info.plist;
				IPHONEOS_DEPLOYMENT_TARGET = 8.1;
				LD_RUNPATH_SEARCH_PATHS = "$(inherited) @executable_path/Frameworks";
				PRODUCT_BUNDLE_IDENTIFIER = com.yumengshi.YMSZhiHuDaily;
				PRODUCT_NAME = "$(TARGET_NAME)";
			};
			name = Debug;
		};
		04A46B981D118ABF0001F0C0 /* Release */ = {
			isa = XCBuildConfiguration;
			baseConfigurationReference = 94A0F5FBBA2638848F46CE1F /* Pods-YMSZhiHuDaily.release.xcconfig */;
			buildSettings = {
				ASSETCATALOG_COMPILER_APPICON_NAME = AppIcon;
				GCC_PREFIX_HEADER = "$(SRCROOT)/YMSZhiHuDaily/MainHeader.h";
				INFOPLIST_FILE = YMSZhiHuDaily/Info.plist;
				IPHONEOS_DEPLOYMENT_TARGET = 8.1;
				LD_RUNPATH_SEARCH_PATHS = "$(inherited) @executable_path/Frameworks";
				PRODUCT_BUNDLE_IDENTIFIER = com.yumengshi.YMSZhiHuDaily;
				PRODUCT_NAME = "$(TARGET_NAME)";
			};
			name = Release;
		};
		04A46B9A1D118ABF0001F0C0 /* Debug */ = {
			isa = XCBuildConfiguration;
			buildSettings = {
				BUNDLE_LOADER = "$(TEST_HOST)";
				INFOPLIST_FILE = YMSZhiHuDailyTests/Info.plist;
				LD_RUNPATH_SEARCH_PATHS = "$(inherited) @executable_path/Frameworks @loader_path/Frameworks";
				PRODUCT_BUNDLE_IDENTIFIER = com.yumengshi.YMSZhiHuDailyTests;
				PRODUCT_NAME = "$(TARGET_NAME)";
				TEST_HOST = "$(BUILT_PRODUCTS_DIR)/YMSZhiHuDaily.app/YMSZhiHuDaily";
			};
			name = Debug;
		};
		04A46B9B1D118ABF0001F0C0 /* Release */ = {
			isa = XCBuildConfiguration;
			buildSettings = {
				BUNDLE_LOADER = "$(TEST_HOST)";
				INFOPLIST_FILE = YMSZhiHuDailyTests/Info.plist;
				LD_RUNPATH_SEARCH_PATHS = "$(inherited) @executable_path/Frameworks @loader_path/Frameworks";
				PRODUCT_BUNDLE_IDENTIFIER = com.yumengshi.YMSZhiHuDailyTests;
				PRODUCT_NAME = "$(TARGET_NAME)";
				TEST_HOST = "$(BUILT_PRODUCTS_DIR)/YMSZhiHuDaily.app/YMSZhiHuDaily";
			};
			name = Release;
		};
		04A46B9D1D118ABF0001F0C0 /* Debug */ = {
			isa = XCBuildConfiguration;
			buildSettings = {
				INFOPLIST_FILE = YMSZhiHuDailyUITests/Info.plist;
				LD_RUNPATH_SEARCH_PATHS = "$(inherited) @executable_path/Frameworks @loader_path/Frameworks";
				PRODUCT_BUNDLE_IDENTIFIER = com.yumengshi.YMSZhiHuDailyUITests;
				PRODUCT_NAME = "$(TARGET_NAME)";
				TEST_TARGET_NAME = YMSZhiHuDaily;
				USES_XCTRUNNER = YES;
			};
			name = Debug;
		};
		04A46B9E1D118ABF0001F0C0 /* Release */ = {
			isa = XCBuildConfiguration;
			buildSettings = {
				INFOPLIST_FILE = YMSZhiHuDailyUITests/Info.plist;
				LD_RUNPATH_SEARCH_PATHS = "$(inherited) @executable_path/Frameworks @loader_path/Frameworks";
				PRODUCT_BUNDLE_IDENTIFIER = com.yumengshi.YMSZhiHuDailyUITests;
				PRODUCT_NAME = "$(TARGET_NAME)";
				TEST_TARGET_NAME = YMSZhiHuDaily;
				USES_XCTRUNNER = YES;
			};
			name = Release;
		};
/* End XCBuildConfiguration section */

/* Begin XCConfigurationList section */
		04A46B641D118ABF0001F0C0 /* Build configuration list for PBXProject "YMSZhiHuDaily" */ = {
			isa = XCConfigurationList;
			buildConfigurations = (
				04A46B941D118ABF0001F0C0 /* Debug */,
				04A46B951D118ABF0001F0C0 /* Release */,
			);
			defaultConfigurationIsVisible = 0;
			defaultConfigurationName = Release;
		};
		04A46B961D118ABF0001F0C0 /* Build configuration list for PBXNativeTarget "YMSZhiHuDaily" */ = {
			isa = XCConfigurationList;
			buildConfigurations = (
				04A46B971D118ABF0001F0C0 /* Debug */,
				04A46B981D118ABF0001F0C0 /* Release */,
			);
			defaultConfigurationIsVisible = 0;
			defaultConfigurationName = Release;
		};
		04A46B991D118ABF0001F0C0 /* Build configuration list for PBXNativeTarget "YMSZhiHuDailyTests" */ = {
			isa = XCConfigurationList;
			buildConfigurations = (
				04A46B9A1D118ABF0001F0C0 /* Debug */,
				04A46B9B1D118ABF0001F0C0 /* Release */,
			);
			defaultConfigurationIsVisible = 0;
			defaultConfigurationName = Release;
		};
		04A46B9C1D118ABF0001F0C0 /* Build configuration list for PBXNativeTarget "YMSZhiHuDailyUITests" */ = {
			isa = XCConfigurationList;
			buildConfigurations = (
				04A46B9D1D118ABF0001F0C0 /* Debug */,
				04A46B9E1D118ABF0001F0C0 /* Release */,
			);
			defaultConfigurationIsVisible = 0;
			defaultConfigurationName = Release;
		};
/* End XCConfigurationList section */
	};
	rootObject = 04A46B611D118ABF0001F0C0 /* Project object */;
}
